
Microsoft Visual Studio Solution File, Format Version 12.00
# Visual Studio Version 16
VisualStudioVersion = 16.0.30711.63
MinimumVisualStudioVersion = 10.0.40219.1
Project("{FAE04EC0-301F-11D3-BF4B-00C04F79EFBC}") = "TwoThreadWriteApp", "TwoThreadWriteApp.csproj", "{644D3C26-0116-48C6-81FF-9A2299491144}"
EndProject
Global
	GlobalSection(SolutionConfigurationPlatforms) = preSolution
		Debug|Any CPU = Debug|Any CPU
		Release|Any CPU = Release|Any CPU
	EndGlobalSection
	GlobalSection(ProjectConfigurationPlatforms) = postSolution
		{644D3C26-0116-48C6-81FF-9A2299491144}.Debug|Any CPU.ActiveCfg = Debug|Any CPU
		{644D3C26-0116-48C6-81FF-9A2299491144}.Debug|Any CPU.Build.0 = Debug|Any CPU
		{644D3C26-0116-48C6-81FF-9A2299491144}.Release|Any CPU.ActiveCfg = Release|Any CPU
		{644D3C26-0116-48C6-81FF-9A2299491144}.Release|Any CPU.Build.0 = Release|Any CPU
	EndGlobalSection
	GlobalSection(SolutionProperties) = preSolution
		HideSolutionNode = FALSE
	EndGlobalSection
	GlobalSection(ExtensibilityGlobals) = postSolution
		SolutionGuid = {3AEED86D-08D7-4A10-B59C-AC4B27536C71}
	EndGlobalSection
EndGlobal
